
Microsoft Visual Studio Solution File, Format Version 12.00
# Visual Studio Version 17
VisualStudioVersion = 17.9.34728.123
MinimumVisualStudioVersion = 10.0.40219.1
Project("{9A19103F-16F7-4668-BE54-9A1E7A4F7556}") = "DNATestingSystem.APIServices.BE.TienDM", "DNATestingSystem.APIServices.BE.TienDM\DNATestingSystem.APIServices.BE.TienDM.csproj", "{36C8D50D-1F7B-4C8E-9A1F-CA09E617BFB3}"
EndProject
Project("{9A19103F-16F7-4668-BE54-9A1E7A4F7556}") = "DNATestingSystem.Services.TienDM", "DNATestingSystem.Services.TienDM\DNATestingSystem.Services.TienDM.csproj", "{BEC3ABEA-45F8-42E6-A8E1-4BD412347CEC}"
EndProject
Project("{9A19103F-16F7-4668-BE54-9A1E7A4F7556}") = "DNATestingSystem.Repository.TienDM", "DNATestingSystem.Repository.TienDM\DNATestingSystem.Repository.TienDM.csproj", "{77D31821-DCFA-4082-BE1E-DE80BF5828CB}"
EndProject
Project("{9A19103F-16F7-4668-BE54-9A1E7A4F7556}") = "DNATestingSystem.MVCWebApp.FE.TienDM", "DNATestingSystem.MVCWebApp.FE.TienDM\DNATestingSystem.MVCWebApp.FE.TienDM.csproj", "{383253F5-C372-4275-9A83-901B89DBE365}"
EndProject
Global
	GlobalSection(SolutionConfigurationPlatforms) = preSolution
		Debug|Any CPU = Debug|Any CPU
		Release|Any CPU = Release|Any CPU
	EndGlobalSection
	GlobalSection(ProjectConfigurationPlatforms) = postSolution
		{36C8D50D-1F7B-4C8E-9A1F-CA09E617BFB3}.Debug|Any CPU.ActiveCfg = Debug|Any CPU
		{36C8D50D-1F7B-4C8E-9A1F-CA09E617BFB3}.Debug|Any CPU.Build.0 = Debug|Any CPU
		{36C8D50D-1F7B-4C8E-9A1F-CA09E617BFB3}.Release|Any CPU.ActiveCfg = Release|Any CPU
		{36C8D50D-1F7B-4C8E-9A1F-CA09E617BFB3}.Release|Any CPU.Build.0 = Release|Any CPU
		{BEC3ABEA-45F8-42E6-A8E1-4BD412347CEC}.Debug|Any CPU.ActiveCfg = Debug|Any CPU
		{BEC3ABEA-45F8-42E6-A8E1-4BD412347CEC}.Debug|Any CPU.Build.0 = Debug|Any CPU
		{BEC3ABEA-45F8-42E6-A8E1-4BD412347CEC}.Release|Any CPU.ActiveCfg = Release|Any CPU
		{BEC3ABEA-45F8-42E6-A8E1-4BD412347CEC}.Release|Any CPU.Build.0 = Release|Any CPU
		{77D31821-DCFA-4082-BE1E-DE80BF5828CB}.Debug|Any CPU.ActiveCfg = Debug|Any CPU
		{77D31821-DCFA-4082-BE1E-DE80BF5828CB}.Debug|Any CPU.Build.0 = Debug|Any CPU
		{77D31821-DCFA-4082-BE1E-DE80BF5828CB}.Release|Any CPU.ActiveCfg = Release|Any CPU
		{77D31821-DCFA-4082-BE1E-DE80BF5828CB}.Release|Any CPU.Build.0 = Release|Any CPU
		{383253F5-C372-4275-9A83-901B89DBE365}.Debug|Any CPU.ActiveCfg = Debug|Any CPU
		{383253F5-C372-4275-9A83-901B89DBE365}.Debug|Any CPU.Build.0 = Debug|Any CPU
		{383253F5-C372-4275-9A83-901B89DBE365}.Release|Any CPU.ActiveCfg = Release|Any CPU
		{383253F5-C372-4275-9A83-901B89DBE365}.Release|Any CPU.Build.0 = Release|Any CPU
	EndGlobalSection
	GlobalSection(SolutionProperties) = preSolution
		HideSolutionNode = FALSE
	EndGlobalSection
	GlobalSection(ExtensibilityGlobals) = postSolution
		SolutionGuid = {18F68629-63AC-476F-9FC2-045FC215532D}
	EndGlobalSection
EndGlobal
